// !$*UTF8*$!
{
	archiveVersion = 1;
	classes = {
	};
	objectVersion = 46;
	objects = {

/* Begin PBXBuildFile section */
		818CEEED1B5E317B003B9856 /* main.m in Sources */ = {isa = PBXBuildFile; fileRef = 818CEEEC1B5E317B003B9856 /* main.m */; };
		818CEEF01B5E317B003B9856 /* AppDelegate.m in Sources */ = {isa = PBXBuildFile; fileRef = 818CEEEF1B5E317B003B9856 /* AppDelegate.m */; };
		818CEEF31B5E317B003B9856 /* ViewController.m in Sources */ = {isa = PBXBuildFile; fileRef = 818CEEF21B5E317B003B9856 /* ViewController.m */; };
		818CEEF61B5E317B003B9856 /* Main.storyboard in Resources */ = {isa = PBXBuildFile; fileRef = 818CEEF41B5E317B003B9856 /* Main.storyboard */; };
		818CEEF81B5E317B003B9856 /* Images.xcassets in Resources */ = {isa = PBXBuildFile; fileRef = 818CEEF71B5E317B003B9856 /* Images.xcassets */; };
		818CEEFB1B5E317B003B9856 /* LaunchScreen.xib in Resources */ = {isa = PBXBuildFile; fileRef = 818CEEF91B5E317B003B9856 /* LaunchScreen.xib */; };
		818CEF071B5E317B003B9856 /* zlTests.m in Sources */ = {isa = PBXBuildFile; fileRef = 818CEF061B5E317B003B9856 /* zlTests.m */; };
/* End PBXBuildFile section */

/* Begin PBXContainerItemProxy section */
		818CEF011B5E317B003B9856 /* PBXContainerItemProxy */ = {
			isa = PBXContainerItemProxy;
			containerPortal = 818CEEDF1B5E317B003B9856 /* Project object */;
			proxyType = 1;
			remoteGlobalIDString = 818CEEE61B5E317B003B9856;
			remoteInfo = zl;
		};
/* End PBXContainerItemProxy section */

/* Begin PBXFileReference section */
		818CEEE71B5E317B003B9856 /* zl.app */ = {isa = PBXFileReference; explicitFileType = wrapper.application; includeInIndex = 0; path = zl.app; sourceTree = BUILT_PRODUCTS_DIR; };
		818CEEEB1B5E317B003B9856 /* Info.plist */ = {isa = PBXFileReference; lastKnownFileType = text.plist.xml; path = Info.plist; sourceTree = "<group>"; };
		818CEEEC1B5E317B003B9856 /* main.m */ = {isa = PBXFileReference; lastKnownFileType = sourcecode.c.objc; path = main.m; sourceTree = "<group>"; };
		818CEEEE1B5E317B003B9856 /* AppDelegate.h */ = {isa = PBXFileReference; lastKnownFileType = sourcecode.c.h; path = AppDelegate.h; sourceTree = "<group>"; };
		818CEEEF1B5E317B003B9856 /* AppDelegate.m */ = {isa = PBXFileReference; lastKnownFileType = sourcecode.c.objc; path = AppDelegate.m; sourceTree = "<group>"; };
		818CEEF11B5E317B003B9856 /* ViewController.h */ = {isa = PBXFileReference; lastKnownFileType = sourcecode.c.h; path = ViewController.h; sourceTree = "<group>"; };
		818CEEF21B5E317B003B9856 /* ViewController.m */ = {isa = PBXFileReference; lastKnownFileType = sourcecode.c.objc; path = ViewController.m; sourceTree = "<group>"; };
		818CEEF51B5E317B003B9856 /* Base */ = {isa = PBXFileReference; lastKnownFileType = file.storyboard; name = Base; path = Base.lproj/Main.storyboard; sourceTree = "<group>"; };
		818CEEF71B5E317B003B9856 /* Images.xcassets */ = {isa = PBXFileReference; lastKnownFileType = folder.assetcatalog; path = Images.xcassets; sourceTree = "<group>"; };
		818CEEFA1B5E317B003B9856 /* Base */ = {isa = PBXFileReference; lastKnownFileType = file.xib; name = Base; path = Base.lproj/LaunchScreen.xib; sourceTree = "<group>"; };
		818CEF001B5E317B003B9856 /* zlTests.xctest */ = {isa = PBXFileReference; explicitFileType = wrapper.cfbundle; includeInIndex = 0; path = zlTests.xctest; sourceTree = BUILT_PRODUCTS_DIR; };
		818CEF051B5E317B003B9856 /* Info.plist */ = {isa = PBXFileReference; lastKnownFileType = text.plist.xml; path = Info.plist; sourceTree = "<group>"; };
		818CEF061B5E317B003B9856 /* zlTests.m */ = {isa = PBXFileReference; lastKnownFileType = sourcecode.c.objc; path = zlTests.m; sourceTree = "<group>"; };
/* End PBXFileReference section */

/* Begin PBXFrameworksBuildPhase section */
		818CEEE41B5E317B003B9856 /* Frameworks */ = {
			isa = PBXFrameworksBuildPhase;
			buildActionMask = 2147483647;
			files = (
			);
			runOnlyForDeploymentPostprocessing = 0;
		};
		818CEEFD1B5E317B003B9856 /* Frameworks */ = {
			isa = PBXFrameworksBuildPhase;
			buildActionMask = 2147483647;
			files = (
			);
			runOnlyForDeploymentPostprocessing = 0;
		};
/* End PBXFrameworksBuildPhase section */

/* Begin PBXGroup section */
		818CEEDE1B5E317B003B9856 = {
			isa = PBXGroup;
			children = (
				818CEEE91B5E317B003B9856 /* zl */,
				818CEF031B5E317B003B9856 /* zlTests */,
				818CEEE81B5E317B003B9856 /* Products */,
			);
			sourceTree = "<group>";
		};
		818CEEE81B5E317B003B9856 /* Products */ = {
			isa = PBXGroup;
			children = (
				818CEEE71B5E317B003B9856 /* zl.app */,
				818CEF001B5E317B003B9856 /* zlTests.xctest */,
			);
			name = Products;
			sourceTree = "<group>";
		};
		818CEEE91B5E317B003B9856 /* zl */ = {
			isa = PBXGroup;
			children = (
				818CEEEE1B5E317B003B9856 /* AppDelegate.h */,
				818CEEEF1B5E317B003B9856 /* AppDelegate.m */,
				818CEEF11B5E317B003B9856 /* ViewController.h */,
				818CEEF21B5E317B003B9856 /* ViewController.m */,
				818CEEF41B5E317B003B9856 /* Main.storyboard */,
				818CEEF71B5E317B003B9856 /* Images.xcassets */,
				818CEEF91B5E317B003B9856 /* LaunchScreen.xib */,
				818CEEEA1B5E317B003B9856 /* Supporting Files */,
			);
			path = zl;
			sourceTree = "<group>";
		};
		818CEEEA1B5E317B003B9856 /* Supporting Files */ = {
			isa = PBXGroup;
			children = (
				818CEEEB1B5E317B003B9856 /* Info.plist */,
				818CEEEC1B5E317B003B9856 /* main.m */,
			);
			name = "Supporting Files";
			sourceTree = "<group>";
		};
		818CEF031B5E317B003B9856 /* zlTests */ = {
			isa = PBXGroup;
			children = (
				818CEF061B5E317B003B9856 /* zlTests.m */,
				818CEF041B5E317B003B9856 /* Supporting Files */,
			);
			path = zlTests;
			sourceTree = "<group>";
		};
		818CEF041B5E317B003B9856 /* Supporting Files */ = {
			isa = PBXGroup;
			children = (
				818CEF051B5E317B003B9856 /* Info.plist */,
			);
			name = "Supporting Files";
			sourceTree = "<group>";
		};
/* End PBXGroup section */

/* Begin PBXNativeTarget section */
		818CEEE61B5E317B003B9856 /* zl */ = {
			isa = PBXNativeTarget;
			buildConfigurationList = 818CEF0A1B5E317C003B9856 /* Build configuration list for PBXNativeTarget "zl" */;
			buildPhases = (
				818CEEE31B5E317B003B9856 /* Sources */,
				818CEEE41B5E317B003B9856 /* Frameworks */,
				818CEEE51B5E317B003B9856 /* Resources */,
			);
			buildRules = (
			);
			dependencies = (
			);
			name = zl;
			productName = zl;
			productReference = 818CEEE71B5E317B003B9856 /* zl.app */;
			productType = "com.apple.product-type.application";
		};
		818CEEFF1B5E317B003B9856 /* zlTests */ = {
			isa = PBXNativeTarget;
			buildConfigurationList = 818CEF0D1B5E317C003B9856 /* Build configuration list for PBXNativeTarget "zlTests" */;
			buildPhases = (
				818CEEFC1B5E317B003B9856 /* Sources */,
				818CEEFD1B5E317B003B9856 /* Frameworks */,
				818CEEFE1B5E317B003B9856 /* Resources */,
			);
			buildRules = (
			);
			dependencies = (
				818CEF021B5E317B003B9856 /* PBXTargetDependency */,
			);
			name = zlTests;
			productName = zlTests;
			productReference = 818CEF001B5E317B003B9856 /* zlTests.xctest */;
			productType = "com.apple.product-type.bundle.unit-test";
		};
/* End PBXNativeTarget section */

/* Begin PBXProject section */
		818CEEDF1B5E317B003B9856 /* Project object */ = {
			isa = PBXProject;
			attributes = {
				LastUpgradeCheck = 0630;
				ORGANIZATIONNAME = xucheng;
				TargetAttributes = {
					818CEEE61B5E317B003B9856 = {
						CreatedOnToolsVersion = 6.3;
					};
					818CEEFF1B5E317B003B9856 = {
						CreatedOnToolsVersion = 6.3;
						TestTargetID = 818CEEE61B5E317B003B9856;
					};
				};
			};
			buildConfigurationList = 818CEEE21B5E317B003B9856 /* Build configuration list for PBXProject "zl" */;
			compatibilityVersion = "Xcode 3.2";
			developmentRegion = English;
			hasScannedForEncodings = 0;
			knownRegions = (
				en,
				Base,
			);
			mainGroup = 818CEEDE1B5E317B003B9856;
			productRefGroup = 818CEEE81B5E317B003B9856 /* Products */;
			projectDirPath = "";
			projectRoot = "";
			targets = (
				818CEEE61B5E317B003B9856 /* zl */,
				818CEEFF1B5E317B003B9856 /* zlTests */,
			);
		};
/* End PBXProject section */

/* Begin PBXResourcesBuildPhase section */
		818CEEE51B5E317B003B9856 /* Resources */ = {
			isa = PBXResourcesBuildPhase;
			buildActionMask = 2147483647;
			files = (
				818CEEF61B5E317B003B9856 /* Main.storyboard in Resources */,
				818CEEFB1B5E317B003B9856 /* LaunchScreen.xib in Resources */,
				818CEEF81B5E317B003B9856 /* Images.xcassets in Resources */,
			);
			runOnlyForDeploymentPostprocessing = 0;
		};
		818CEEFE1B5E317B003B9856 /* Resources */ = {
			isa = PBXResourcesBuildPhase;
			buildActionMask = 2147483647;
			files = (
			);
			runOnlyForDeploymentPostprocessing = 0;
		};
/* End PBXResourcesBuildPhase section */

/* Begin PBXSourcesBuildPhase section */
		818CEEE31B5E317B003B9856 /* Sources */ = {
			isa = PBXSourcesBuildPhase;
			buildActionMask = 2147483647;
			files = (
				818CEEF31B5E317B003B9856 /* ViewController.m in Sources */,
				818CEEF01B5E317B003B9856 /* AppDelegate.m in Sources */,
				818CEEED1B5E317B003B9856 /* main.m in Sources */,
			);
			runOnlyForDeploymentPostprocessing = 0;
		};
		818CEEFC1B5E317B003B9856 /* Sources */ = {
			isa = PBXSourcesBuildPhase;
			buildActionMask = 2147483647;
			files = (
				818CEF071B5E317B003B9856 /* zlTests.m in Sources */,
			);
			runOnlyForDeploymentPostprocessing = 0;
		};
/* End PBXSourcesBuildPhase section */

/* Begin PBXTargetDependency section */
		818CEF021B5E317B003B9856 /* PBXTargetDependency */ = {
			isa = PBXTargetDependency;
			target = 818CEEE61B5E317B003B9856 /* zl */;
			targetProxy = 818CEF011B5E317B003B9856 /* PBXContainerItemProxy */;
		};
/* End PBXTargetDependency section */

/* Begin PBXVariantGroup section */
		818CEEF41B5E317B003B9856 /* Main.storyboard */ = {
			isa = PBXVariantGroup;
			children = (
				818CEEF51B5E317B003B9856 /* Base */,
			);
			name = Main.storyboard;
			sourceTree = "<group>";
		};
		818CEEF91B5E317B003B9856 /* LaunchScreen.xib */ = {
			isa = PBXVariantGroup;
			children = (
				818CEEFA1B5E317B003B9856 /* Base */,
			);
			name = LaunchScreen.xib;
			sourceTree = "<group>";
		};
/* End PBXVariantGroup section */

/* Begin XCBuildConfiguration section */
		818CEF081B5E317C003B9856 /* Debug */ = {
			isa = XCBuildConfiguration;
			buildSettings = {
				ALWAYS_SEARCH_USER_PATHS = NO;
				CLANG_CXX_LANGUAGE_STANDARD = "gnu++0x";
				CLANG_CXX_LIBRARY = "libc++";
				CLANG_ENABLE_MODULES = YES;
				CLANG_ENABLE_OBJC_ARC = YES;
				CLANG_WARN_BOOL_CONVERSION = YES;
				CLANG_WARN_CONSTANT_CONVERSION = YES;
				CLANG_WARN_DIRECT_OBJC_ISA_USAGE = YES_ERROR;
				CLANG_WARN_EMPTY_BODY = YES;
				CLANG_WARN_ENUM_CONVERSION = YES;
				CLANG_WARN_INT_CONVERSION = YES;
				CLANG_WARN_OBJC_ROOT_CLASS = YES_ERROR;
				CLANG_WARN_UNREACHABLE_CODE = YES;
				CLANG_WARN__DUPLICATE_METHOD_MATCH = YES;
				"CODE_SIGN_IDENTITY[sdk=iphoneos*]" = "iPhone Developer";
				COPY_PHASE_STRIP = NO;
				DEBUG_INFORMATION_FORMAT = "dwarf-with-dsym";
				ENABLE_STRICT_OBJC_MSGSEND = YES;
				GCC_C_LANGUAGE_STANDARD = gnu99;
				GCC_DYNAMIC_NO_PIC = NO;
				GCC_NO_COMMON_BLOCKS = YES;
				GCC_OPTIMIZATION_LEVEL = 0;
				GCC_PREPROCESSOR_DEFINITIONS = (
					"DEBUG=1",
					"$(inherited)",
				);
				GCC_SYMBOLS_PRIVATE_EXTERN = NO;
				GCC_WARN_64_TO_32_BIT_CONVERSION = YES;
				GCC_WARN_ABOUT_RETURN_TYPE = YES_ERROR;
				GCC_WARN_UNDECLARED_SELECTOR = YES;
				GCC_WARN_UNINITIALIZED_AUTOS = YES_AGGRESSIVE;
				GCC_WARN_UNUSED_FUNCTION = YES;
				GCC_WARN_UNUSED_VARIABLE = YES;
				IPHONEOS_DEPLOYMENT_TARGET = 8.3;
				MTL_ENABLE_DEBUG_INFO = YES;
				ONLY_ACTIVE_ARCH = YES;
				SDKROOT = iphoneos;
			};
			name = Debug;
		};
		818CEF091B5E317C003B9856 /* Release */ = {
			isa = XCBuildConfiguration;
			buildSettings = {
				ALWAYS_SEARCH_USER_PATHS = NO;
				CLANG_CXX_LANGUAGE_STANDARD = "gnu++0x";
				CLANG_CXX_LIBRARY = "libc++";
				CLANG_ENABLE_MODULES = YES;
				CLANG_ENABLE_OBJC_ARC = YES;
				CLANG_WARN_BOOL_CONVERSION = YES;
				CLANG_WARN_CONSTANT_CONVERSION = YES;
				CLANG_WARN_DIRECT_OBJC_ISA_USAGE = YES_ERROR;
				CLANG_WARN_EMPTY_BODY = YES;
				CLANG_WARN_ENUM_CONVERSION = YES;
				CLANG_WARN_INT_CONVERSION = YES;
				CLANG_WARN_OBJC_ROOT_CLASS = YES_ERROR;
				CLANG_WARN_UNREACHABLE_CODE = YES;
				CLANG_WARN__DUPLICATE_METHOD_MATCH = YES;
				"CODE_SIGN_IDENTITY[sdk=iphoneos*]" = "iPhone Developer";
				COPY_PHASE_STRIP = NO;
				DEBUG_INFORMATION_FORMAT = "dwarf-with-dsym";
				ENABLE_NS_ASSERTIONS = NO;
				ENABLE_STRICT_OBJC_MSGSEND = YES;
				GCC_C_LANGUAGE_STANDARD = gnu99;
				GCC_NO_COMMON_BLOCKS = YES;
				GCC_WARN_64_TO_32_BIT_CONVERSION = YES;
				GCC_WARN_ABOUT_RETURN_TYPE = YES_ERROR;
				GCC_WARN_UNDECLARED_SELECTOR = YES;
				GCC_WARN_UNINITIALIZED_AUTOS = YES_AGGRESSIVE;
				GCC_WARN_UNUSED_FUNCTION = YES;
				GCC_WARN_UNUSED_VARIABLE = YES;
				IPHONEOS_DEPLOYMENT_TARGET = 8.3;
				MTL_ENABLE_DEBUG_INFO = NO;
				SDKROOT = iphoneos;
				VALIDATE_PRODUCT = YES;
			};
			name = Release;
		};
		818CEF0B1B5E317C003B9856 /* Debug */ = {
			isa = XCBuildConfiguration;
			buildSettings = {
				ASSETCATALOG_COMPILER_APPICON_NAME = AppIcon;
				INFOPLIST_FILE = zl/Info.plist;
				LD_RUNPATH_SEARCH_PATHS = "$(inherited) @executable_path/Frameworks";
				PRODUCT_NAME = "$(TARGET_NAME)";
			};
			name = Debug;
		};
		818CEF0C1B5E317C003B9856 /* Release */ = {
			isa = XCBuildConfiguration;
			buildSettings = {
				ASSETCATALOG_COMPILER_APPICON_NAME = AppIcon;
				INFOPLIST_FILE = zl/Info.plist;
				LD_RUNPATH_SEARCH_PATHS = "$(inherited) @executable_path/Frameworks";
				PRODUCT_NAME = "$(TARGET_NAME)";
			};
			name = Release;
		};
		818CEF0E1B5E317C003B9856 /* Debug */ = {
			isa = XCBuildConfiguration;
			buildSettings = {
				BUNDLE_LOADER = "$(TEST_HOST)";
				FRAMEWORK_SEARCH_PATHS = (
					"$(SDKROOT)/Developer/Library/Frameworks",
					"$(inherited)",
				);
				GCC_PREPROCESSOR_DEFINITIONS = (
					"DEBUG=1",
					"$(inherited)",
				);
				INFOPLIST_FILE = zlTests/Info.plist;
				LD_RUNPATH_SEARCH_PATHS = "$(inherited) @executable_path/Frameworks @loader_path/Frameworks";
				PRODUCT_NAME = "$(TARGET_NAME)";
				TEST_HOST = "$(BUILT_PRODUCTS_DIR)/zl.app/zl";
			};
			name = Debug;
		};
		818CEF0F1B5E317C003B9856 /* Release */ = {
			isa = XCBuildConfiguration;
			buildSettings = {
				BUNDLE_LOADER = "$(TEST_HOST)";
				FRAMEWORK_SEARCH_PATHS = (
					"$(SDKROOT)/Developer/Library/Frameworks",
					"$(inherited)",
				);
				INFOPLIST_FILE = zlTests/Info.plist;
				LD_RUNPATH_SEARCH_PATHS = "$(inherited) @executable_path/Frameworks @loader_path/Frameworks";
				PRODUCT_NAME = "$(TARGET_NAME)";
				TEST_HOST = "$(BUILT_PRODUCTS_DIR)/zl.app/zl";
			};
			name = Release;
		};
/* End XCBuildConfiguration section */

/* Begin XCConfigurationList section */
		818CEEE21B5E317B003B9856 /* Build configuration list for PBXProject "zl" */ = {
			isa = XCConfigurationList;
			buildConfigurations = (
				818CEF081B5E317C003B9856 /* Debug */,
				818CEF091B5E317C003B9856 /* Release */,
			);
			defaultConfigurationIsVisible = 0;
			defaultConfigurationName = Release;
		};
		818CEF0A1B5E317C003B9856 /* Build configuration list for PBXNativeTarget "zl" */ = {
			isa = XCConfigurationList;
			buildConfigurations = (
				818CEF0B1B5E317C003B9856 /* Debug */,
				818CEF0C1B5E317C003B9856 /* Release */,
			);
			defaultConfigurationIsVisible = 0;
		};
		818CEF0D1B5E317C003B9856 /* Build configuration list for PBXNativeTarget "zlTests" */ = {
			isa = XCConfigurationList;
			buildConfigurations = (
				818CEF0E1B5E317C003B9856 /* Debug */,
				818CEF0F1B5E317C003B9856 /* Release */,
			);
			defaultConfigurationIsVisible = 0;
		};
/* End XCConfigurationList section */
	};
	rootObject = 818CEEDF1B5E317B003B9856 /* Project object */;
}
